
Microsoft Visual Studio Solution File, Format Version 12.00
# Visual Studio Version 17
VisualStudioVersion = 17.14.36518.9 d17.14
MinimumVisualStudioVersion = 10.0.40219.1
Project("{8BC9CEB8-8B4A-11D0-8D11-00A0C91BC942}") = "Computer graphics algos", "Computer graphics algos\Computer graphics algos.vcxproj", "{3DFF8B07-A3E3-4694-9DBF-3A3B2D75FD7B}"
EndProject
Global
	GlobalSection(SolutionConfigurationPlatforms) = preSolution
		Debug|x64 = Debug|x64
		Debug|x86 = Debug|x86
		Release|x64 = Release|x64
		Release|x86 = Release|x86
	EndGlobalSection
	GlobalSection(ProjectConfigurationPlatforms) = postSolution
		{3DFF8B07-A3E3-4694-9DBF-3A3B2D75FD7B}.Debug|x64.ActiveCfg = Debug|x64
		{3DFF8B07-A3E3-4694-9DBF-3A3B2D75FD7B}.Debug|x64.Build.0 = Debug|x64
		{3DFF8B07-A3E3-4694-9DBF-3A3B2D75FD7B}.Debug|x86.ActiveCfg = Debug|Win32
		{3DFF8B07-A3E3-4694-9DBF-3A3B2D75FD7B}.Debug|x86.Build.0 = Debug|Win32
		{3DFF8B07-A3E3-4694-9DBF-3A3B2D75FD7B}.Release|x64.ActiveCfg = Release|x64
		{3DFF8B07-A3E3-4694-9DBF-3A3B2D75FD7B}.Release|x64.Build.0 = Release|x64
		{3DFF8B07-A3E3-4694-9DBF-3A3B2D75FD7B}.Release|x86.ActiveCfg = Release|Win32
		{3DFF8B07-A3E3-4694-9DBF-3A3B2D75FD7B}.Release|x86.Build.0 = Release|Win32
	EndGlobalSection
	GlobalSection(SolutionProperties) = preSolution
		HideSolutionNode = FALSE
	EndGlobalSection
	GlobalSection(ExtensibilityGlobals) = postSolution
		SolutionGuid = {B15A7C19-F4CB-4226-B8D7-C0A469B8EA19}
	EndGlobalSection
EndGlobal
